
Microsoft Visual Studio Solution File, Format Version 12.00
# Visual Studio Version 17
VisualStudioVersion = 17.13.35806.99 d17.13
MinimumVisualStudioVersion = 10.0.40219.1
Project("{FAE04EC0-301F-11D3-BF4B-00C04F79EFBC}") = "ShopVerse", "ShopVerse\ShopVerse.csproj", "{DF9F6E20-26D8-4AC0-9199-59633412FE33}"
EndProject
Global
	GlobalSection(SolutionConfigurationPlatforms) = preSolution
		Debug|Any CPU = Debug|Any CPU
		Release|Any CPU = Release|Any CPU
	EndGlobalSection
	GlobalSection(ProjectConfigurationPlatforms) = postSolution
		{DF9F6E20-26D8-4AC0-9199-59633412FE33}.Debug|Any CPU.ActiveCfg = Debug|Any CPU
		{DF9F6E20-26D8-4AC0-9199-59633412FE33}.Debug|Any CPU.Build.0 = Debug|Any CPU
		{DF9F6E20-26D8-4AC0-9199-59633412FE33}.Release|Any CPU.ActiveCfg = Release|Any CPU
		{DF9F6E20-26D8-4AC0-9199-59633412FE33}.Release|Any CPU.Build.0 = Release|Any CPU
	EndGlobalSection
	GlobalSection(SolutionProperties) = preSolution
		HideSolutionNode = FALSE
	EndGlobalSection
	GlobalSection(ExtensibilityGlobals) = postSolution
		SolutionGuid = {5FF78ABC-2131-4ADC-B30E-1C67A45EEB68}
	EndGlobalSection
EndGlobal
